
Microsoft Visual Studio Solution File, Format Version 12.00
# Visual Studio Version 17
VisualStudioVersion = 17.0.31903.59
MinimumVisualStudioVersion = 10.0.40219.1
Project("{FAE04EC0-301F-11D3-BF4B-00C04F79EFBC}") = "API", "API\API.csproj", "{44C575F0-DC94-4978-9B56-381AA11C6A29}"
EndProject
Global
	GlobalSection(SolutionConfigurationPlatforms) = preSolution
		Debug|Any CPU = Debug|Any CPU
		Release|Any CPU = Release|Any CPU
	EndGlobalSection
	GlobalSection(SolutionProperties) = preSolution
		HideSolutionNode = FALSE
	EndGlobalSection
	GlobalSection(ProjectConfigurationPlatforms) = postSolution
		{44C575F0-DC94-4978-9B56-381AA11C6A29}.Debug|Any CPU.ActiveCfg = Debug|Any CPU
		{44C575F0-DC94-4978-9B56-381AA11C6A29}.Debug|Any CPU.Build.0 = Debug|Any CPU
		{44C575F0-DC94-4978-9B56-381AA11C6A29}.Release|Any CPU.ActiveCfg = Release|Any CPU
		{44C575F0-DC94-4978-9B56-381AA11C6A29}.Release|Any CPU.Build.0 = Release|Any CPU
	EndGlobalSection
EndGlobal
